{
  "requires": true,
  "lockfileVersion": 1,
  "dependencies": {
    "ngb-modal": {
      "version": "2.0.3",
      "resolved": "https://registry.npmjs.org/ngb-modal/-/ngb-modal-2.0.3.tgz",
      "integrity": "sha512-/EFdvLEPwnzvW9wR34AOtbPs3NC5Tjmo0Sx/UHqEpGJNfSJ4z6dUN+H4OuW9m51JtCYdjCXkbeQQo6nCYhA3CA==",
      "requires": {
        "tslib": "^1.9.0"
      }
    },
    "tslib": {
      "version": "1.9.3",
      "resolved": "https://registry.npmjs.org/tslib/-/tslib-1.9.3.tgz",
      "integrity": "sha512-4krF8scpejhaOgqzBEcGM7yDIEfi0/8+8zDRZhNZZ2kjmHJ4hv3zCbQWxoJGz1iw5U0Jl0nma13xzHXcncMavQ=="
    }
  }
}
